
Microsoft Visual Studio Solution File, Format Version 12.00
# Visual Studio Version 16
VisualStudioVersion = 16.0.31005.135
MinimumVisualStudioVersion = 10.0.40219.1
Project("{FAE04EC0-301F-11D3-BF4B-00C04F79EFBC}") = "Clase3", "Clase3\Clase3.csproj", "{5502940E-DD8F-417A-9D76-45DC97CF947B}"
EndProject
Global
	GlobalSection(SolutionConfigurationPlatforms) = preSolution
		Debug|Any CPU = Debug|Any CPU
		Release|Any CPU = Release|Any CPU
	EndGlobalSection
	GlobalSection(ProjectConfigurationPlatforms) = postSolution
		{5502940E-DD8F-417A-9D76-45DC97CF947B}.Debug|Any CPU.ActiveCfg = Debug|Any CPU
		{5502940E-DD8F-417A-9D76-45DC97CF947B}.Debug|Any CPU.Build.0 = Debug|Any CPU
		{5502940E-DD8F-417A-9D76-45DC97CF947B}.Release|Any CPU.ActiveCfg = Release|Any CPU
		{5502940E-DD8F-417A-9D76-45DC97CF947B}.Release|Any CPU.Build.0 = Release|Any CPU
	EndGlobalSection
	GlobalSection(SolutionProperties) = preSolution
		HideSolutionNode = FALSE
	EndGlobalSection
	GlobalSection(ExtensibilityGlobals) = postSolution
		SolutionGuid = {0A0C6683-A3A9-4A08-9A9D-BFE11FAA8CBB}
	EndGlobalSection
EndGlobal
